// !$*UTF8*$!
{
	archiveVersion = 1;
	classes = {
	};
	objectVersion = 56;
	objects = {

/* Begin PBXBuildFile section */
		AA0000010000000000000001 /* WebWatcherApp.swift in Sources */ = {isa = PBXBuildFile; fileRef = AA0000020000000000000001 /* WebWatcherApp.swift */; };
		AA0000010000000000000002 /* Watcher.swift in Sources */ = {isa = PBXBuildFile; fileRef = AA0000020000000000000002 /* Watcher.swift */; };
		AA0000010000000000000003 /* WatcherStore.swift in Sources */ = {isa = PBXBuildFile; fileRef = AA0000020000000000000003 /* WatcherStore.swift */; };
		AA0000010000000000000005 /* NotificationService.swift in Sources */ = {isa = PBXBuildFile; fileRef = AA0000020000000000000005 /* NotificationService.swift */; };
		AA0000010000000000000006 /* WatcherService.swift in Sources */ = {isa = PBXBuildFile; fileRef = AA0000020000000000000006 /* WatcherService.swift */; };
		AA0000010000000000000007 /* MenuBarView.swift in Sources */ = {isa = PBXBuildFile; fileRef = AA0000020000000000000007 /* MenuBarView.swift */; };
		AA0000010000000000000008 /* WatcherEditorView.swift in Sources */ = {isa = PBXBuildFile; fileRef = AA0000020000000000000008 /* WatcherEditorView.swift */; };
		AA0000010000000000000009 /* AppSettings.swift in Sources */ = {isa = PBXBuildFile; fileRef = AA0000020000000000000009 /* AppSettings.swift */; };
		AA0000010000000000000010 /* SettingsView.swift in Sources */ = {isa = PBXBuildFile; fileRef = AA0000020000000000000010 /* SettingsView.swift */; };
			AA0000010000000000000011 /* Assets.xcassets in Resources */ = {isa = PBXBuildFile; fileRef = AA0000020000000000000011 /* Assets.xcassets */; };
			AA0000010000000000000014 /* SafariScraper.swift in Sources */ = {isa = PBXBuildFile; fileRef = AA0000020000000000000014 /* SafariScraper.swift */; };
			AA0000010000000000000015 /* BrowserNavigationService.swift in Sources */ = {isa = PBXBuildFile; fileRef = AA0000020000000000000015 /* BrowserNavigationService.swift */; };
		AA0000010000000000000020 /* Observation.swift in Sources */ = {isa = PBXBuildFile; fileRef = AA0000020000000000000020 /* Observation.swift */; };
		AA0000010000000000000021 /* SiteProfile.swift in Sources */ = {isa = PBXBuildFile; fileRef = AA0000020000000000000021 /* SiteProfile.swift */; };
		AA0000010000000000000022 /* ProbeScript.swift in Sources */ = {isa = PBXBuildFile; fileRef = AA0000020000000000000022 /* ProbeScript.swift */; };
		AA0000010000000000000030 /* GmailAccount.swift in Sources */ = {isa = PBXBuildFile; fileRef = AA0000020000000000000030 /* GmailAccount.swift */; };
		AA0000010000000000000031 /* GmailAccountStore.swift in Sources */ = {isa = PBXBuildFile; fileRef = AA0000020000000000000031 /* GmailAccountStore.swift */; };
		AA0000010000000000000032 /* GmailMessage.swift in Sources */ = {isa = PBXBuildFile; fileRef = AA0000020000000000000032 /* GmailMessage.swift */; };
		AA0000010000000000000033 /* GmailAPIService.swift in Sources */ = {isa = PBXBuildFile; fileRef = AA0000020000000000000033 /* GmailAPIService.swift */; };
		AA0000010000000000000034 /* GmailOAuthService.swift in Sources */ = {isa = PBXBuildFile; fileRef = AA0000020000000000000034 /* GmailOAuthService.swift */; };
		AA0000010000000000000035 /* GmailPollingService.swift in Sources */ = {isa = PBXBuildFile; fileRef = AA0000020000000000000035 /* GmailPollingService.swift */; };
		AA0000010000000000000036 /* OAuthLoopbackListener.swift in Sources */ = {isa = PBXBuildFile; fileRef = AA0000020000000000000036 /* OAuthLoopbackListener.swift */; };
		AA0000010000000000000037 /* KeychainService.swift in Sources */ = {isa = PBXBuildFile; fileRef = AA0000020000000000000037 /* KeychainService.swift */; };
		AA0000010000000000000038 /* WatcherRecipe.swift in Sources */ = {isa = PBXBuildFile; fileRef = AA0000020000000000000038 /* WatcherRecipe.swift */; };
		AA0000010000000000000039 /* ProbeProgram.swift in Sources */ = {isa = PBXBuildFile; fileRef = AA0000020000000000000039 /* ProbeProgram.swift */; };
		AA0000010000000000000040 /* ElementPickerModel.swift in Sources */ = {isa = PBXBuildFile; fileRef = AA0000020000000000000040 /* ElementPickerModel.swift */; };
		AA0000010000000000000041 /* ElementPickerSection.swift in Sources */ = {isa = PBXBuildFile; fileRef = AA0000020000000000000041 /* ElementPickerSection.swift */; };
		AA0000010000000000000042 /* EmailWatcher.swift in Sources */ = {isa = PBXBuildFile; fileRef = AA0000020000000000000042 /* EmailWatcher.swift */; };
		AA0000010000000000000043 /* EmailWatcherStore.swift in Sources */ = {isa = PBXBuildFile; fileRef = AA0000020000000000000043 /* EmailWatcherStore.swift */; };
		AA0000010000000000000044 /* GoogleOAuthClient.swift in Sources */ = {isa = PBXBuildFile; fileRef = AA0000020000000000000044 /* GoogleOAuthClient.swift */; };
		AA0000010000000000000045 /* GmailAccountConnector.swift in Sources */ = {isa = PBXBuildFile; fileRef = AA0000020000000000000045 /* GmailAccountConnector.swift */; };
		AA0000010000000000000046 /* AddWatcherView.swift in Sources */ = {isa = PBXBuildFile; fileRef = AA0000020000000000000046 /* AddWatcherView.swift */; };
		AA0000010000000000000047 /* EmailWatcherEditorView.swift in Sources */ = {isa = PBXBuildFile; fileRef = AA0000020000000000000047 /* EmailWatcherEditorView.swift */; };
		AA0000010000000000000048 /* NotificationIconStore.swift in Sources */ = {isa = PBXBuildFile; fileRef = AA0000020000000000000048 /* NotificationIconStore.swift */; };
		AA0000010000000000000049 /* Models.swift in Sources */ = {isa = PBXBuildFile; fileRef = AA0000020000000000000049 /* Models.swift */; };
		AA0000010000000000000050 /* JSON.swift in Sources */ = {isa = PBXBuildFile; fileRef = AA0000020000000000000050 /* JSON.swift */; };
		AA0000010000000000000051 /* HTTP.swift in Sources */ = {isa = PBXBuildFile; fileRef = AA0000020000000000000051 /* HTTP.swift */; };
		AA0000010000000000000052 /* Client.swift in Sources */ = {isa = PBXBuildFile; fileRef = AA0000020000000000000052 /* Client.swift */; };
		AA0000010000000000000053 /* Paths.swift in Sources */ = {isa = PBXBuildFile; fileRef = AA0000020000000000000053 /* Paths.swift */; };
		AA0000010000000000000054 /* Listener.swift in Sources */ = {isa = PBXBuildFile; fileRef = AA0000020000000000000054 /* Listener.swift */; };
		AA0000010000000000000055 /* CallbackServer.swift in Sources */ = {isa = PBXBuildFile; fileRef = AA0000020000000000000055 /* CallbackServer.swift */; };
		AA0000010000000000000056 /* HeraldBridge.swift in Sources */ = {isa = PBXBuildFile; fileRef = AA0000020000000000000056 /* HeraldBridge.swift */; };
		AA0000010000000000000057 /* HeraldTemplate.swift in Sources */ = {isa = PBXBuildFile; fileRef = AA0000020000000000000057 /* HeraldTemplate.swift */; };
		AA0000010000000000000058 /* HeraldComponents.swift in Sources */ = {isa = PBXBuildFile; fileRef = AA0000020000000000000058 /* HeraldComponents.swift */; };
		AA0000010000000000000059 /* HeraldActions.swift in Sources */ = {isa = PBXBuildFile; fileRef = AA0000020000000000000059 /* HeraldActions.swift */; };
		AA0000010000000000000060 /* HeraldManifest.swift in Sources */ = {isa = PBXBuildFile; fileRef = AA0000020000000000000060 /* HeraldManifest.swift */; };
		AA0000010000000000000061 /* ComponentSchema.swift in Sources */ = {isa = PBXBuildFile; fileRef = AA0000020000000000000061 /* ComponentSchema.swift */; };
		AA0000010000000000000062 /* BuiltinTemplates.swift in Sources */ = {isa = PBXBuildFile; fileRef = AA0000020000000000000062 /* BuiltinTemplates.swift */; };
		AA0000010000000000000063 /* HeraldManifests.swift in Sources */ = {isa = PBXBuildFile; fileRef = AA0000020000000000000063 /* HeraldManifests.swift */; };
		AA0000010000000000000064 /* HeraldQuiet.swift in Sources */ = {isa = PBXBuildFile; fileRef = AA0000020000000000000064 /* HeraldQuiet.swift */; };
		AA0000010000000000000065 /* HeraldVoice.swift in Sources */ = {isa = PBXBuildFile; fileRef = AA0000020000000000000065 /* HeraldVoice.swift */; };
		AA0000010000000000000067 /* HeraldTemplateBundle.swift in Sources */ = {isa = PBXBuildFile; fileRef = AA0000020000000000000067 /* HeraldTemplateBundle.swift */; };
		AA0000010000000000000066 /* HeraldStacks.swift in Sources */ = {isa = PBXBuildFile; fileRef = AA0000020000000000000066 /* HeraldStacks.swift */; };
		AA000001000000000000006F /* RichTextEditing.swift in Sources */ = {isa = PBXBuildFile; fileRef = AA000002000000000000006F /* RichTextEditing.swift */; };
		AA000001000000000000006E /* RichText.swift in Sources */ = {isa = PBXBuildFile; fileRef = AA000002000000000000006E /* RichText.swift */; };
		AA000001000000000000006D /* HeraldHostApp.swift in Sources */ = {isa = PBXBuildFile; fileRef = AA000002000000000000006D /* HeraldHostApp.swift */; };
		AA000001000000000000006C /* OpenApp.swift in Sources */ = {isa = PBXBuildFile; fileRef = AA000002000000000000006C /* OpenApp.swift */; };
		AA000001000000000000006B /* HeraldAgent.swift in Sources */ = {isa = PBXBuildFile; fileRef = AA000002000000000000006B /* HeraldAgent.swift */; };
		AA000001000000000000006A /* ClientRoutes.swift in Sources */ = {isa = PBXBuildFile; fileRef = AA000002000000000000006A /* ClientRoutes.swift */; };
		AA0000010000000000000069 /* ActionAssignment.swift in Sources */ = {isa = PBXBuildFile; fileRef = AA0000020000000000000069 /* ActionAssignment.swift */; };
		AA0000010000000000000068 /* HeraldSymbol.swift in Sources */ = {isa = PBXBuildFile; fileRef = AA0000020000000000000068 /* HeraldSymbol.swift */; };
/* End PBXBuildFile section */

/* Begin PBXFileReference section */
		AA0000020000000000000001 /* WebWatcherApp.swift */ = {isa = PBXFileReference; lastKnownFileType = sourcecode.swift; path = WebWatcherApp.swift; sourceTree = "<group>"; };
		AA0000020000000000000002 /* Watcher.swift */ = {isa = PBXFileReference; lastKnownFileType = sourcecode.swift; path = Watcher.swift; sourceTree = "<group>"; };
		AA0000020000000000000003 /* WatcherStore.swift */ = {isa = PBXFileReference; lastKnownFileType = sourcecode.swift; path = WatcherStore.swift; sourceTree = "<group>"; };
		AA0000020000000000000005 /* NotificationService.swift */ = {isa = PBXFileReference; lastKnownFileType = sourcecode.swift; path = NotificationService.swift; sourceTree = "<group>"; };
		AA0000020000000000000006 /* WatcherService.swift */ = {isa = PBXFileReference; lastKnownFileType = sourcecode.swift; path = WatcherService.swift; sourceTree = "<group>"; };
		AA0000020000000000000007 /* MenuBarView.swift */ = {isa = PBXFileReference; lastKnownFileType = sourcecode.swift; path = MenuBarView.swift; sourceTree = "<group>"; };
		AA0000020000000000000008 /* WatcherEditorView.swift */ = {isa = PBXFileReference; lastKnownFileType = sourcecode.swift; path = WatcherEditorView.swift; sourceTree = "<group>"; };
		AA0000020000000000000009 /* AppSettings.swift */ = {isa = PBXFileReference; lastKnownFileType = sourcecode.swift; path = AppSettings.swift; sourceTree = "<group>"; };
		AA0000020000000000000010 /* SettingsView.swift */ = {isa = PBXFileReference; lastKnownFileType = sourcecode.swift; path = SettingsView.swift; sourceTree = "<group>"; };
			AA0000020000000000000011 /* Assets.xcassets */ = {isa = PBXFileReference; lastKnownFileType = folder.assetcatalog; path = Assets.xcassets; sourceTree = "<group>"; };
			AA0000020000000000000014 /* SafariScraper.swift */ = {isa = PBXFileReference; lastKnownFileType = sourcecode.swift; path = SafariScraper.swift; sourceTree = "<group>"; };
			AA0000020000000000000015 /* BrowserNavigationService.swift */ = {isa = PBXFileReference; lastKnownFileType = sourcecode.swift; path = BrowserNavigationService.swift; sourceTree = "<group>"; };
			AA0000030000000000000001 /* WebWatcher.app */ = {isa = PBXFileReference; explicitFileType = wrapper.application; includeInIndex = 0; path = WebWatcher.app; sourceTree = BUILT_PRODUCTS_DIR; };
		AA0000040000000000000001 /* WebWatcher.entitlements */ = {isa = PBXFileReference; lastKnownFileType = text.plist.entitlements; path = WebWatcher.entitlements; sourceTree = "<group>"; };
		AA0000020000000000000020 /* Observation.swift */ = {isa = PBXFileReference; lastKnownFileType = sourcecode.swift; path = Observation.swift; sourceTree = "<group>"; };
		AA0000020000000000000021 /* SiteProfile.swift */ = {isa = PBXFileReference; lastKnownFileType = sourcecode.swift; path = SiteProfile.swift; sourceTree = "<group>"; };
		AA0000020000000000000022 /* ProbeScript.swift */ = {isa = PBXFileReference; lastKnownFileType = sourcecode.swift; path = ProbeScript.swift; sourceTree = "<group>"; };
		AA0000020000000000000030 /* GmailAccount.swift */ = {isa = PBXFileReference; lastKnownFileType = sourcecode.swift; path = GmailAccount.swift; sourceTree = "<group>"; };
		AA0000020000000000000031 /* GmailAccountStore.swift */ = {isa = PBXFileReference; lastKnownFileType = sourcecode.swift; path = GmailAccountStore.swift; sourceTree = "<group>"; };
		AA0000020000000000000032 /* GmailMessage.swift */ = {isa = PBXFileReference; lastKnownFileType = sourcecode.swift; path = GmailMessage.swift; sourceTree = "<group>"; };
		AA0000020000000000000033 /* GmailAPIService.swift */ = {isa = PBXFileReference; lastKnownFileType = sourcecode.swift; path = GmailAPIService.swift; sourceTree = "<group>"; };
		AA0000020000000000000034 /* GmailOAuthService.swift */ = {isa = PBXFileReference; lastKnownFileType = sourcecode.swift; path = GmailOAuthService.swift; sourceTree = "<group>"; };
		AA0000020000000000000035 /* GmailPollingService.swift */ = {isa = PBXFileReference; lastKnownFileType = sourcecode.swift; path = GmailPollingService.swift; sourceTree = "<group>"; };
		AA0000020000000000000036 /* OAuthLoopbackListener.swift */ = {isa = PBXFileReference; lastKnownFileType = sourcecode.swift; path = OAuthLoopbackListener.swift; sourceTree = "<group>"; };
		AA0000020000000000000037 /* KeychainService.swift */ = {isa = PBXFileReference; lastKnownFileType = sourcecode.swift; path = KeychainService.swift; sourceTree = "<group>"; };
		AA0000020000000000000038 /* WatcherRecipe.swift */ = {isa = PBXFileReference; lastKnownFileType = sourcecode.swift; path = WatcherRecipe.swift; sourceTree = "<group>"; };
		AA0000020000000000000039 /* ProbeProgram.swift */ = {isa = PBXFileReference; lastKnownFileType = sourcecode.swift; path = ProbeProgram.swift; sourceTree = "<group>"; };
		AA0000020000000000000040 /* ElementPickerModel.swift */ = {isa = PBXFileReference; lastKnownFileType = sourcecode.swift; path = ElementPickerModel.swift; sourceTree = "<group>"; };
		AA0000020000000000000041 /* ElementPickerSection.swift */ = {isa = PBXFileReference; lastKnownFileType = sourcecode.swift; path = ElementPickerSection.swift; sourceTree = "<group>"; };
		AA0000020000000000000042 /* EmailWatcher.swift */ = {isa = PBXFileReference; lastKnownFileType = sourcecode.swift; path = EmailWatcher.swift; sourceTree = "<group>"; };
		AA0000020000000000000043 /* EmailWatcherStore.swift */ = {isa = PBXFileReference; lastKnownFileType = sourcecode.swift; path = EmailWatcherStore.swift; sourceTree = "<group>"; };
		AA0000020000000000000044 /* GoogleOAuthClient.swift */ = {isa = PBXFileReference; lastKnownFileType = sourcecode.swift; path = GoogleOAuthClient.swift; sourceTree = "<group>"; };
		AA0000020000000000000045 /* GmailAccountConnector.swift */ = {isa = PBXFileReference; lastKnownFileType = sourcecode.swift; path = GmailAccountConnector.swift; sourceTree = "<group>"; };
		AA0000020000000000000046 /* AddWatcherView.swift */ = {isa = PBXFileReference; lastKnownFileType = sourcecode.swift; path = AddWatcherView.swift; sourceTree = "<group>"; };
		AA0000020000000000000047 /* EmailWatcherEditorView.swift */ = {isa = PBXFileReference; lastKnownFileType = sourcecode.swift; path = EmailWatcherEditorView.swift; sourceTree = "<group>"; };
		AA0000020000000000000048 /* NotificationIconStore.swift */ = {isa = PBXFileReference; lastKnownFileType = sourcecode.swift; path = NotificationIconStore.swift; sourceTree = "<group>"; };
		AA0000020000000000000049 /* Models.swift */ = {isa = PBXFileReference; lastKnownFileType = sourcecode.swift; path = Models.swift; sourceTree = "<group>"; };
		AA0000020000000000000050 /* JSON.swift */ = {isa = PBXFileReference; lastKnownFileType = sourcecode.swift; path = JSON.swift; sourceTree = "<group>"; };
		AA0000020000000000000051 /* HTTP.swift */ = {isa = PBXFileReference; lastKnownFileType = sourcecode.swift; path = HTTP.swift; sourceTree = "<group>"; };
		AA0000020000000000000052 /* Client.swift */ = {isa = PBXFileReference; lastKnownFileType = sourcecode.swift; path = Client.swift; sourceTree = "<group>"; };
		AA0000020000000000000053 /* Paths.swift */ = {isa = PBXFileReference; lastKnownFileType = sourcecode.swift; path = Paths.swift; sourceTree = "<group>"; };
		AA0000020000000000000054 /* Listener.swift */ = {isa = PBXFileReference; lastKnownFileType = sourcecode.swift; path = Listener.swift; sourceTree = "<group>"; };
		AA0000020000000000000055 /* CallbackServer.swift */ = {isa = PBXFileReference; lastKnownFileType = sourcecode.swift; path = CallbackServer.swift; sourceTree = "<group>"; };
		AA0000020000000000000056 /* HeraldBridge.swift */ = {isa = PBXFileReference; lastKnownFileType = sourcecode.swift; path = HeraldBridge.swift; sourceTree = "<group>"; };
		AA0000020000000000000057 /* HeraldTemplate.swift */ = {isa = PBXFileReference; lastKnownFileType = sourcecode.swift; path = HeraldTemplate.swift; sourceTree = "<group>"; };
		AA0000020000000000000058 /* HeraldComponents.swift */ = {isa = PBXFileReference; lastKnownFileType = sourcecode.swift; path = HeraldComponents.swift; sourceTree = "<group>"; };
		AA0000020000000000000059 /* HeraldActions.swift */ = {isa = PBXFileReference; lastKnownFileType = sourcecode.swift; path = HeraldActions.swift; sourceTree = "<group>"; };
		AA0000020000000000000060 /* HeraldManifest.swift */ = {isa = PBXFileReference; lastKnownFileType = sourcecode.swift; path = HeraldManifest.swift; sourceTree = "<group>"; };
		AA0000020000000000000061 /* ComponentSchema.swift */ = {isa = PBXFileReference; lastKnownFileType = sourcecode.swift; path = ComponentSchema.swift; sourceTree = "<group>"; };
		AA0000020000000000000062 /* BuiltinTemplates.swift */ = {isa = PBXFileReference; lastKnownFileType = sourcecode.swift; path = BuiltinTemplates.swift; sourceTree = "<group>"; };
		AA0000020000000000000063 /* HeraldManifests.swift */ = {isa = PBXFileReference; lastKnownFileType = sourcecode.swift; path = HeraldManifests.swift; sourceTree = "<group>"; };
		AA0000020000000000000064 /* HeraldQuiet.swift */ = {isa = PBXFileReference; lastKnownFileType = sourcecode.swift; path = HeraldQuiet.swift; sourceTree = "<group>"; };
		AA0000020000000000000065 /* HeraldVoice.swift */ = {isa = PBXFileReference; lastKnownFileType = sourcecode.swift; path = HeraldVoice.swift; sourceTree = "<group>"; };
		AA0000020000000000000067 /* HeraldTemplateBundle.swift */ = {isa = PBXFileReference; lastKnownFileType = sourcecode.swift; path = HeraldTemplateBundle.swift; sourceTree = "<group>"; };
		AA0000020000000000000066 /* HeraldStacks.swift */ = {isa = PBXFileReference; lastKnownFileType = sourcecode.swift; path = HeraldStacks.swift; sourceTree = "<group>"; };
		AA000002000000000000006F /* RichTextEditing.swift */ = {isa = PBXFileReference; lastKnownFileType = sourcecode.swift; path = RichTextEditing.swift; sourceTree = "<group>"; };
		AA000002000000000000006E /* RichText.swift */ = {isa = PBXFileReference; lastKnownFileType = sourcecode.swift; path = RichText.swift; sourceTree = "<group>"; };
		AA000002000000000000006D /* HeraldHostApp.swift */ = {isa = PBXFileReference; lastKnownFileType = sourcecode.swift; path = HeraldHostApp.swift; sourceTree = "<group>"; };
		AA000002000000000000006C /* OpenApp.swift */ = {isa = PBXFileReference; lastKnownFileType = sourcecode.swift; path = OpenApp.swift; sourceTree = "<group>"; };
		AA000002000000000000006B /* HeraldAgent.swift */ = {isa = PBXFileReference; lastKnownFileType = sourcecode.swift; path = HeraldAgent.swift; sourceTree = "<group>"; };
		AA000002000000000000006A /* ClientRoutes.swift */ = {isa = PBXFileReference; lastKnownFileType = sourcecode.swift; path = ClientRoutes.swift; sourceTree = "<group>"; };
		AA0000020000000000000069 /* ActionAssignment.swift */ = {isa = PBXFileReference; lastKnownFileType = sourcecode.swift; path = ActionAssignment.swift; sourceTree = "<group>"; };
		AA0000020000000000000068 /* HeraldSymbol.swift */ = {isa = PBXFileReference; lastKnownFileType = sourcecode.swift; path = HeraldSymbol.swift; sourceTree = "<group>"; };
/* End PBXFileReference section */

/* Begin PBXFrameworksBuildPhase section */
		AA0000050000000000000001 /* Frameworks */ = {
			isa = PBXFrameworksBuildPhase;
			buildActionMask = 2147483647;
			files = (
			);
			runOnlyForDeploymentPostprocessing = 0;
		};
/* End PBXFrameworksBuildPhase section */

/* Begin PBXGroup section */
		AA0000060000000000000001 = {
			isa = PBXGroup;
			children = (
				AA0000070000000000000001 /* Sources */,
				AA0000080000000000000001 /* Products */,
			);
			sourceTree = "<group>";
		};
		AA0000070000000000000001 /* Sources */ = {
			isa = PBXGroup;
			children = (
				AA0000040000000000000001 /* WebWatcher.entitlements */,
				AA0000090000000000000001 /* WebWatcher */,
			);
			path = Sources;
			sourceTree = "<group>";
		};
		AA0000080000000000000001 /* Products */ = {
			isa = PBXGroup;
			children = (
				AA0000030000000000000001 /* WebWatcher.app */,
			);
			name = Products;
			sourceTree = "<group>";
		};
		AA0000090000000000000001 /* WebWatcher */ = {
			isa = PBXGroup;
			children = (
				AA0000020000000000000001 /* WebWatcherApp.swift */,
				AA0000100000000000000001 /* Models */,
				AA0000240000000000000001 /* Herald */,
				AA0000110000000000000001 /* Services */,
				AA0000120000000000000001 /* Views */,
				AA0000020000000000000011 /* Assets.xcassets */,
			);
			path = WebWatcher;
			sourceTree = "<group>";
		};
		AA0000240000000000000001 /* Herald */ = {
			isa = PBXGroup;
			children = (
				AA0000020000000000000057 /* HeraldTemplate.swift */,
				AA0000020000000000000058 /* HeraldComponents.swift */,
				AA0000020000000000000059 /* HeraldActions.swift */,
				AA0000020000000000000060 /* HeraldManifest.swift */,
				AA0000020000000000000061 /* ComponentSchema.swift */,
				AA0000020000000000000062 /* BuiltinTemplates.swift */,
				AA0000020000000000000055 /* CallbackServer.swift */,
				AA0000020000000000000054 /* Listener.swift */,
				AA0000020000000000000053 /* Paths.swift */,
				AA0000020000000000000052 /* Client.swift */,
				AA0000020000000000000051 /* HTTP.swift */,
				AA0000020000000000000050 /* JSON.swift */,
				AA0000020000000000000049 /* Models.swift */,
				AA0000020000000000000067 /* HeraldTemplateBundle.swift */,
				AA0000020000000000000066 /* HeraldStacks.swift */,
				AA000002000000000000006F /* RichTextEditing.swift */,
				AA000002000000000000006E /* RichText.swift */,
				AA000002000000000000006D /* HeraldHostApp.swift */,
				AA000002000000000000006C /* OpenApp.swift */,
				AA000002000000000000006B /* HeraldAgent.swift */,
				AA000002000000000000006A /* ClientRoutes.swift */,
				AA0000020000000000000069 /* ActionAssignment.swift */,
				AA0000020000000000000068 /* HeraldSymbol.swift */,
				AA0000020000000000000065 /* HeraldVoice.swift */,
				AA0000020000000000000064 /* HeraldQuiet.swift */,
			);
			path = Herald;
			sourceTree = "<group>";
		};
		AA0000100000000000000001 /* Models */ = {
			isa = PBXGroup;
			children = (
				AA0000020000000000000032 /* GmailMessage.swift */,
				AA0000020000000000000031 /* GmailAccountStore.swift */,
				AA0000020000000000000030 /* GmailAccount.swift */,
				AA0000020000000000000021 /* SiteProfile.swift */,
				AA0000020000000000000020 /* Observation.swift */,
				AA0000020000000000000002 /* Watcher.swift */,
				AA0000020000000000000042 /* EmailWatcher.swift */,
				AA0000020000000000000043 /* EmailWatcherStore.swift */,
				AA0000020000000000000044 /* GoogleOAuthClient.swift */,
				AA0000020000000000000038 /* WatcherRecipe.swift */,
				AA0000020000000000000003 /* WatcherStore.swift */,
				AA0000020000000000000009 /* AppSettings.swift */,
			);
			path = Models;
			sourceTree = "<group>";
		};
			AA0000110000000000000001 /* Services */ = {
				isa = PBXGroup;
				children = (
				AA0000020000000000000037 /* KeychainService.swift */,
				AA0000020000000000000056 /* HeraldBridge.swift */,
				AA0000020000000000000063 /* HeraldManifests.swift */,
				AA0000020000000000000036 /* OAuthLoopbackListener.swift */,
				AA0000020000000000000035 /* GmailPollingService.swift */,
				AA0000020000000000000034 /* GmailOAuthService.swift */,
				AA0000020000000000000033 /* GmailAPIService.swift */,
				AA0000020000000000000022 /* ProbeScript.swift */,
					AA0000020000000000000005 /* NotificationService.swift */,
					AA0000020000000000000006 /* WatcherService.swift */,
					AA0000020000000000000014 /* SafariScraper.swift */,
				AA0000020000000000000048 /* NotificationIconStore.swift */,
				AA0000020000000000000045 /* GmailAccountConnector.swift */,
				AA0000020000000000000039 /* ProbeProgram.swift */,
					AA0000020000000000000015 /* BrowserNavigationService.swift */,
				);
				path = Services;
				sourceTree = "<group>";
		};
		AA0000120000000000000001 /* Views */ = {
			isa = PBXGroup;
			children = (
				AA0000020000000000000007 /* MenuBarView.swift */,
				AA0000020000000000000046 /* AddWatcherView.swift */,
				AA0000020000000000000047 /* EmailWatcherEditorView.swift */,
				AA0000020000000000000041 /* ElementPickerSection.swift */,
				AA0000020000000000000040 /* ElementPickerModel.swift */,
				AA0000020000000000000008 /* WatcherEditorView.swift */,
				AA0000020000000000000010 /* SettingsView.swift */,
			);
			path = Views;
			sourceTree = "<group>";
		};
/* End PBXGroup section */

/* Begin PBXNativeTarget section */
		AA0000130000000000000001 /* WebWatcher */ = {
			isa = PBXNativeTarget;
			buildConfigurationList = AA0000140000000000000001 /* Build configuration list for PBXNativeTarget "WebWatcher" */;
			buildPhases = (
				AA0000150000000000000001 /* Sources */,
				AA0000050000000000000001 /* Frameworks */,
				AA0000230000000000000001 /* Copy Google OAuth client (optional) */,
				AA0000220000000000000001 /* Resources */,
			);
			buildRules = (
			);
			dependencies = (
			);
			name = WebWatcher;
			productName = WebWatcher;
			productReference = AA0000030000000000000001 /* WebWatcher.app */;
			productType = "com.apple.product-type.application";
		};
/* End PBXNativeTarget section */

/* Begin PBXProject section */
		AA0000160000000000000001 /* Project object */ = {
			isa = PBXProject;
			attributes = {
				BuildIndependentTargetsInParallel = 1;
				LastSwiftUpdateCheck = 1500;
				LastUpgradeCheck = 2620;
				TargetAttributes = {
					AA0000130000000000000001 = {
						CreatedOnToolsVersion = 15.0;
					};
				};
			};
			buildConfigurationList = AA0000170000000000000001 /* Build configuration list for PBXProject "WebWatcher" */;
			compatibilityVersion = "Xcode 14.0";
			developmentRegion = en;
			hasScannedForEncodings = 0;
			knownRegions = (
				en,
				Base,
			);
			mainGroup = AA0000060000000000000001;
			productRefGroup = AA0000080000000000000001 /* Products */;
			projectDirPath = "";
			projectRoot = "";
			targets = (
				AA0000130000000000000001 /* WebWatcher */,
			);
		};
/* End PBXProject section */

/* Begin PBXResourcesBuildPhase section */
		AA0000220000000000000001 /* Resources */ = {
			isa = PBXResourcesBuildPhase;
			buildActionMask = 2147483647;
			files = (
				AA0000010000000000000011 /* Assets.xcassets in Resources */,
			);
			runOnlyForDeploymentPostprocessing = 0;
		};
/* End PBXResourcesBuildPhase section */

/* Begin PBXShellScriptBuildPhase section */
		AA0000230000000000000001 /* Copy Google OAuth client (optional) */ = {
			isa = PBXShellScriptBuildPhase;
			alwaysOutOfDate = 1;
			buildActionMask = 2147483647;
			files = (
			);
			inputFileListPaths = (
			);
			inputPaths = (
				"$(SRCROOT)/Sources/WebWatcher/Resources/google-oauth-client.json",
			);
			name = "Copy Google OAuth client (optional)";
			outputFileListPaths = (
			);
			outputPaths = (
				"$(TARGET_BUILD_DIR)/$(UNLOCALIZED_RESOURCES_FOLDER_PATH)/google-oauth-client.json",
			);
			runOnlyForDeploymentPostprocessing = 0;
			shellPath = /bin/sh;
			shellScript = "SRC=\"$SRCROOT/Sources/WebWatcher/Resources/google-oauth-client.json\"; if [ -f \"$SRC\" ]; then mkdir -p \"$TARGET_BUILD_DIR/$UNLOCALIZED_RESOURCES_FOLDER_PATH\"; cp \"$SRC\" \"$TARGET_BUILD_DIR/$UNLOCALIZED_RESOURCES_FOLDER_PATH/\"; fi\n";
		};
/* End PBXShellScriptBuildPhase section */

/* Begin PBXSourcesBuildPhase section */
		AA0000150000000000000001 /* Sources */ = {
			isa = PBXSourcesBuildPhase;
			buildActionMask = 2147483647;
			files = (
				AA0000010000000000000001 /* WebWatcherApp.swift in Sources */,
				AA0000010000000000000057 /* HeraldTemplate.swift in Sources */,
				AA0000010000000000000056 /* HeraldBridge.swift in Sources */,
				AA0000010000000000000058 /* HeraldComponents.swift in Sources */,
				AA0000010000000000000059 /* HeraldActions.swift in Sources */,
				AA0000010000000000000060 /* HeraldManifest.swift in Sources */,
				AA0000010000000000000061 /* ComponentSchema.swift in Sources */,
				AA0000010000000000000062 /* BuiltinTemplates.swift in Sources */,
				AA0000010000000000000063 /* HeraldManifests.swift in Sources */,
				AA0000010000000000000055 /* CallbackServer.swift in Sources */,
				AA0000010000000000000054 /* Listener.swift in Sources */,
				AA0000010000000000000053 /* Paths.swift in Sources */,
				AA0000010000000000000052 /* Client.swift in Sources */,
				AA0000010000000000000051 /* HTTP.swift in Sources */,
				AA0000010000000000000050 /* JSON.swift in Sources */,
				AA0000010000000000000049 /* Models.swift in Sources */,
				AA0000010000000000000042 /* EmailWatcher.swift in Sources */,
				AA0000010000000000000043 /* EmailWatcherStore.swift in Sources */,
				AA0000010000000000000044 /* GoogleOAuthClient.swift in Sources */,
				AA0000010000000000000045 /* GmailAccountConnector.swift in Sources */,
				AA0000010000000000000046 /* AddWatcherView.swift in Sources */,
				AA0000010000000000000047 /* EmailWatcherEditorView.swift in Sources */,
				AA0000010000000000000037 /* KeychainService.swift in Sources */,
				AA0000010000000000000067 /* HeraldTemplateBundle.swift in Sources */,
				AA0000010000000000000066 /* HeraldStacks.swift in Sources */,
				AA000001000000000000006F /* RichTextEditing.swift in Sources */,
				AA000001000000000000006E /* RichText.swift in Sources */,
				AA000001000000000000006D /* HeraldHostApp.swift in Sources */,
				AA000001000000000000006C /* OpenApp.swift in Sources */,
				AA000001000000000000006B /* HeraldAgent.swift in Sources */,
				AA000001000000000000006A /* ClientRoutes.swift in Sources */,
				AA0000010000000000000069 /* ActionAssignment.swift in Sources */,
				AA0000010000000000000068 /* HeraldSymbol.swift in Sources */,
				AA0000010000000000000065 /* HeraldVoice.swift in Sources */,
				AA0000010000000000000064 /* HeraldQuiet.swift in Sources */,
				AA0000010000000000000048 /* NotificationIconStore.swift in Sources */,
				AA0000010000000000000038 /* WatcherRecipe.swift in Sources */,
				AA0000010000000000000039 /* ProbeProgram.swift in Sources */,
				AA0000010000000000000040 /* ElementPickerModel.swift in Sources */,
				AA0000010000000000000041 /* ElementPickerSection.swift in Sources */,
				AA0000010000000000000036 /* OAuthLoopbackListener.swift in Sources */,
				AA0000010000000000000035 /* GmailPollingService.swift in Sources */,
				AA0000010000000000000034 /* GmailOAuthService.swift in Sources */,
				AA0000010000000000000033 /* GmailAPIService.swift in Sources */,
				AA0000010000000000000032 /* GmailMessage.swift in Sources */,
				AA0000010000000000000031 /* GmailAccountStore.swift in Sources */,
				AA0000010000000000000030 /* GmailAccount.swift in Sources */,
				AA0000010000000000000022 /* ProbeScript.swift in Sources */,
				AA0000010000000000000021 /* SiteProfile.swift in Sources */,
				AA0000010000000000000020 /* Observation.swift in Sources */,
				AA0000010000000000000002 /* Watcher.swift in Sources */,
				AA0000010000000000000003 /* WatcherStore.swift in Sources */,
				AA0000010000000000000005 /* NotificationService.swift in Sources */,
				AA0000010000000000000006 /* WatcherService.swift in Sources */,
				AA0000010000000000000007 /* MenuBarView.swift in Sources */,
				AA0000010000000000000008 /* WatcherEditorView.swift in Sources */,
					AA0000010000000000000009 /* AppSettings.swift in Sources */,
					AA0000010000000000000010 /* SettingsView.swift in Sources */,
					AA0000010000000000000014 /* SafariScraper.swift in Sources */,
					AA0000010000000000000015 /* BrowserNavigationService.swift in Sources */,
				);
			runOnlyForDeploymentPostprocessing = 0;
		};
/* End PBXSourcesBuildPhase section */

/* Begin XCBuildConfiguration section */
		AA0000180000000000000001 /* Debug */ = {
			isa = XCBuildConfiguration;
			buildSettings = {
				ALWAYS_SEARCH_USER_PATHS = NO;
				ASSETCATALOG_COMPILER_GENERATE_SWIFT_ASSET_SYMBOL_EXTENSIONS = YES;
				CLANG_ANALYZER_NONNULL = YES;
				CLANG_ANALYZER_NUMBER_OBJECT_CONVERSION = YES_AGGRESSIVE;
				CLANG_CXX_LANGUAGE_STANDARD = "gnu++20";
				CLANG_ENABLE_MODULES = YES;
				CLANG_ENABLE_OBJC_ARC = YES;
				CLANG_ENABLE_OBJC_WEAK = YES;
				CLANG_WARN_BLOCK_CAPTURE_AUTORELEASING = YES;
				CLANG_WARN_BOOL_CONVERSION = YES;
				CLANG_WARN_COMMA = YES;
				CLANG_WARN_CONSTANT_CONVERSION = YES;
				CLANG_WARN_DEPRECATED_OBJC_IMPLEMENTATIONS = YES;
				CLANG_WARN_DIRECT_OBJC_ISA_USAGE = YES_ERROR;
				CLANG_WARN_DOCUMENTATION_COMMENTS = YES;
				CLANG_WARN_EMPTY_BODY = YES;
				CLANG_WARN_ENUM_CONVERSION = YES;
				CLANG_WARN_INFINITE_RECURSION = YES;
				CLANG_WARN_INT_CONVERSION = YES;
				CLANG_WARN_NON_LITERAL_NULL_CONVERSION = YES;
				CLANG_WARN_OBJC_IMPLICIT_RETAIN_SELF = YES;
				CLANG_WARN_OBJC_LITERAL_CONVERSION = YES;
				CLANG_WARN_OBJC_ROOT_CLASS = YES_ERROR;
				CLANG_WARN_QUOTED_INCLUDE_IN_FRAMEWORK_HEADER = YES;
				CLANG_WARN_RANGE_LOOP_ANALYSIS = YES;
				CLANG_WARN_STRICT_PROTOTYPES = YES;
				CLANG_WARN_SUSPICIOUS_MOVE = YES;
				CLANG_WARN_UNGUARDED_AVAILABILITY = YES_AGGRESSIVE;
				CLANG_WARN_UNREACHABLE_CODE = YES;
				CLANG_WARN__DUPLICATE_METHOD_MATCH = YES;
				COPY_PHASE_STRIP = NO;
				DEAD_CODE_STRIPPING = YES;
				DEBUG_INFORMATION_FORMAT = dwarf;
				ENABLE_STRICT_OBJC_MSGSEND = YES;
				ENABLE_TESTABILITY = YES;
				ENABLE_USER_SCRIPT_SANDBOXING = YES;
				GCC_C_LANGUAGE_STANDARD = gnu17;
				GCC_DYNAMIC_NO_PIC = NO;
				GCC_NO_COMMON_BLOCKS = YES;
				GCC_OPTIMIZATION_LEVEL = 0;
				GCC_PREPROCESSOR_DEFINITIONS = (
					"DEBUG=1",
					"$(inherited)",
				);
				GCC_WARN_64_TO_32_BIT_CONVERSION = YES;
				GCC_WARN_ABOUT_RETURN_TYPE = YES_ERROR;
				GCC_WARN_UNDECLARED_SELECTOR = YES;
				GCC_WARN_UNINITIALIZED_AUTOS = YES_AGGRESSIVE;
				GCC_WARN_UNUSED_FUNCTION = YES;
				GCC_WARN_UNUSED_VARIABLE = YES;
				LOCALIZATION_PREFERS_STRING_CATALOGS = YES;
				MACOSX_DEPLOYMENT_TARGET = 13.0;
				MTL_ENABLE_DEBUG_INFO = INCLUDE_SOURCE;
				MTL_FAST_MATH = YES;
				ONLY_ACTIVE_ARCH = YES;
				SDKROOT = macosx;
				STRING_CATALOG_GENERATE_SYMBOLS = YES;
				SWIFT_ACTIVE_COMPILATION_CONDITIONS = "DEBUG $(inherited)";
				SWIFT_OPTIMIZATION_LEVEL = "-Onone";
			};
			name = Debug;
		};
		AA0000190000000000000001 /* Release */ = {
			isa = XCBuildConfiguration;
			buildSettings = {
				ALWAYS_SEARCH_USER_PATHS = NO;
				ASSETCATALOG_COMPILER_GENERATE_SWIFT_ASSET_SYMBOL_EXTENSIONS = YES;
				CLANG_ANALYZER_NONNULL = YES;
				CLANG_ANALYZER_NUMBER_OBJECT_CONVERSION = YES_AGGRESSIVE;
				CLANG_CXX_LANGUAGE_STANDARD = "gnu++20";
				CLANG_ENABLE_MODULES = YES;
				CLANG_ENABLE_OBJC_ARC = YES;
				CLANG_ENABLE_OBJC_WEAK = YES;
				CLANG_WARN_BLOCK_CAPTURE_AUTORELEASING = YES;
				CLANG_WARN_BOOL_CONVERSION = YES;
				CLANG_WARN_COMMA = YES;
				CLANG_WARN_CONSTANT_CONVERSION = YES;
				CLANG_WARN_DEPRECATED_OBJC_IMPLEMENTATIONS = YES;
				CLANG_WARN_DIRECT_OBJC_ISA_USAGE = YES_ERROR;
				CLANG_WARN_DOCUMENTATION_COMMENTS = YES;
				CLANG_WARN_EMPTY_BODY = YES;
				CLANG_WARN_ENUM_CONVERSION = YES;
				CLANG_WARN_INFINITE_RECURSION = YES;
				CLANG_WARN_INT_CONVERSION = YES;
				CLANG_WARN_NON_LITERAL_NULL_CONVERSION = YES;
				CLANG_WARN_OBJC_IMPLICIT_RETAIN_SELF = YES;
				CLANG_WARN_OBJC_LITERAL_CONVERSION = YES;
				CLANG_WARN_OBJC_ROOT_CLASS = YES_ERROR;
				CLANG_WARN_QUOTED_INCLUDE_IN_FRAMEWORK_HEADER = YES;
				CLANG_WARN_RANGE_LOOP_ANALYSIS = YES;
				CLANG_WARN_STRICT_PROTOTYPES = YES;
				CLANG_WARN_SUSPICIOUS_MOVE = YES;
				CLANG_WARN_UNGUARDED_AVAILABILITY = YES_AGGRESSIVE;
				CLANG_WARN_UNREACHABLE_CODE = YES;
				CLANG_WARN__DUPLICATE_METHOD_MATCH = YES;
				COPY_PHASE_STRIP = NO;
				DEAD_CODE_STRIPPING = YES;
				DEBUG_INFORMATION_FORMAT = "dwarf-with-dsym";
				ENABLE_NS_ASSERTIONS = NO;
				ENABLE_STRICT_OBJC_MSGSEND = YES;
				ENABLE_USER_SCRIPT_SANDBOXING = YES;
				GCC_C_LANGUAGE_STANDARD = gnu17;
				GCC_NO_COMMON_BLOCKS = YES;
				GCC_WARN_64_TO_32_BIT_CONVERSION = YES;
				GCC_WARN_ABOUT_RETURN_TYPE = YES_ERROR;
				GCC_WARN_UNDECLARED_SELECTOR = YES;
				GCC_WARN_UNINITIALIZED_AUTOS = YES_AGGRESSIVE;
				GCC_WARN_UNUSED_FUNCTION = YES;
				GCC_WARN_UNUSED_VARIABLE = YES;
				LOCALIZATION_PREFERS_STRING_CATALOGS = YES;
				MACOSX_DEPLOYMENT_TARGET = 13.0;
				MTL_ENABLE_DEBUG_INFO = NO;
				MTL_FAST_MATH = YES;
				SDKROOT = macosx;
				STRING_CATALOG_GENERATE_SYMBOLS = YES;
				SWIFT_COMPILATION_MODE = wholemodule;
			};
			name = Release;
		};
		AA0000200000000000000001 /* Debug */ = {
			isa = XCBuildConfiguration;
			buildSettings = {
				ASSETCATALOG_COMPILER_APPICON_NAME = AppIcon;
				ASSETCATALOG_COMPILER_GLOBAL_ACCENT_COLOR_NAME = AccentColor;
				CODE_SIGN_ENTITLEMENTS = Sources/WebWatcher.entitlements;
				CODE_SIGN_STYLE = Automatic;
				COMBINE_HIDPI_IMAGES = YES;
				CURRENT_PROJECT_VERSION = 34;
				DEAD_CODE_STRIPPING = YES;
				DEVELOPMENT_TEAM = 7S422NVLUK;
				ENABLE_APP_SANDBOX = NO;
				ENABLE_HARDENED_RUNTIME = YES;
				ENABLE_OUTGOING_NETWORK_CONNECTIONS = YES;
				GENERATE_INFOPLIST_FILE = YES;
				INFOPLIST_FILE = Config/Debug-Info.plist;
				INFOPLIST_KEY_LSApplicationCategoryType = "public.app-category.utilities";
				INFOPLIST_KEY_LSUIElement = YES;
				INFOPLIST_KEY_NSAppleEventsUsageDescription = "WebWatcher needs permission to control Safari or your default browser to monitor pages and reuse existing tabs.";
				INFOPLIST_KEY_NSHumanReadableCopyright = "";
				LD_RUNPATH_SEARCH_PATHS = (
					"$(inherited)",
					"@executable_path/../Frameworks",
				);
				MARKETING_VERSION = 1.10.9;
				PRODUCT_BUNDLE_IDENTIFIER = com.webwatcher.app;
				PRODUCT_NAME = "$(TARGET_NAME)";
				SWIFT_EMIT_LOC_STRINGS = YES;
				SWIFT_VERSION = 5.0;
			};
			name = Debug;
		};
		AA0000210000000000000001 /* Release */ = {
			isa = XCBuildConfiguration;
			buildSettings = {
				ASSETCATALOG_COMPILER_APPICON_NAME = AppIcon;
				ASSETCATALOG_COMPILER_GLOBAL_ACCENT_COLOR_NAME = AccentColor;
				CODE_SIGN_ENTITLEMENTS = Sources/WebWatcher.entitlements;
				CODE_SIGN_INJECT_BASE_ENTITLEMENTS = NO;
				OTHER_CODE_SIGN_FLAGS = "--timestamp";
				CODE_SIGN_IDENTITY = "Developer ID Application";
				CODE_SIGN_STYLE = Manual;
				COMBINE_HIDPI_IMAGES = YES;
				CURRENT_PROJECT_VERSION = 34;
				DEAD_CODE_STRIPPING = YES;
				DEVELOPMENT_TEAM = 7S422NVLUK;
				ENABLE_APP_SANDBOX = NO;
				ENABLE_HARDENED_RUNTIME = YES;
				ENABLE_OUTGOING_NETWORK_CONNECTIONS = YES;
				GENERATE_INFOPLIST_FILE = YES;
				INFOPLIST_KEY_LSApplicationCategoryType = "public.app-category.utilities";
				INFOPLIST_KEY_LSUIElement = YES;
				INFOPLIST_KEY_NSAppleEventsUsageDescription = "WebWatcher needs permission to control Safari or your default browser to monitor pages and reuse existing tabs.";
				INFOPLIST_KEY_NSHumanReadableCopyright = "";
				LD_RUNPATH_SEARCH_PATHS = (
					"$(inherited)",
					"@executable_path/../Frameworks",
				);
				MARKETING_VERSION = 1.10.9;
				PRODUCT_BUNDLE_IDENTIFIER = com.webwatcher.app;
				PRODUCT_NAME = "$(TARGET_NAME)";
				SWIFT_EMIT_LOC_STRINGS = YES;
				SWIFT_VERSION = 5.0;
			};
			name = Release;
		};
/* End XCBuildConfiguration section */

/* Begin XCConfigurationList section */
		AA0000140000000000000001 /* Build configuration list for PBXNativeTarget "WebWatcher" */ = {
			isa = XCConfigurationList;
			buildConfigurations = (
				AA0000200000000000000001 /* Debug */,
				AA0000210000000000000001 /* Release */,
			);
			defaultConfigurationIsVisible = 0;
			defaultConfigurationName = Release;
		};
		AA0000170000000000000001 /* Build configuration list for PBXProject "WebWatcher" */ = {
			isa = XCConfigurationList;
			buildConfigurations = (
				AA0000180000000000000001 /* Debug */,
				AA0000190000000000000001 /* Release */,
			);
			defaultConfigurationIsVisible = 0;
			defaultConfigurationName = Release;
		};
/* End XCConfigurationList section */
	};
	rootObject = AA0000160000000000000001 /* Project object */;
}
